
Microsoft Visual Studio Solution File, Format Version 12.00
# Visual Studio Version 16
VisualStudioVersion = 16.0.31911.196
MinimumVisualStudioVersion = 10.0.40219.1
Project("{FAE04EC0-301F-11D3-BF4B-00C04F79EFBC}") = "YoutubeDownloader", "YoutubeDownloader\YoutubeDownloader.csproj", "{3C179E67-08C2-42E2-97BF-EDF90D3BC30D}"
EndProject
Global
	GlobalSection(SolutionConfigurationPlatforms) = preSolution
		Debug|Any CPU = Debug|Any CPU
		Release|Any CPU = Release|Any CPU
	EndGlobalSection
	GlobalSection(ProjectConfigurationPlatforms) = postSolution
		{3C179E67-08C2-42E2-97BF-EDF90D3BC30D}.Debug|Any CPU.ActiveCfg = Debug|Any CPU
		{3C179E67-08C2-42E2-97BF-EDF90D3BC30D}.Debug|Any CPU.Build.0 = Debug|Any CPU
		{3C179E67-08C2-42E2-97BF-EDF90D3BC30D}.Release|Any CPU.ActiveCfg = Release|Any CPU
		{3C179E67-08C2-42E2-97BF-EDF90D3BC30D}.Release|Any CPU.Build.0 = Release|Any CPU
	EndGlobalSection
	GlobalSection(SolutionProperties) = preSolution
		HideSolutionNode = FALSE
	EndGlobalSection
	GlobalSection(ExtensibilityGlobals) = postSolution
		SolutionGuid = {CCD2F459-4F11-432E-807C-8AAF66B98409}
	EndGlobalSection
EndGlobal
